
Microsoft Visual Studio Solution File, Format Version 12.00
# Visual Studio Version 17
VisualStudioVersion = 17.2.32516.85
MinimumVisualStudioVersion = 10.0.40219.1
Project("{9A19103F-16F7-4668-BE54-9A1E7A4F7556}") = "ClientApp", "ClientApp\ClientApp.csproj", "{40653E2F-6E7E-42B9-8287-E1CC328313DA}"
EndProject
Project("{9A19103F-16F7-4668-BE54-9A1E7A4F7556}") = "ServerApp", "ServerApp\ServerApp.csproj", "{7410F1E9-5A74-4B35-9878-5152DEEE268D}"
EndProject
Project("{FAE04EC0-301F-11D3-BF4B-00C04F79EFBC}") = "MessengerDll", "Helpers\MessengerDll.csproj", "{D24611DE-1726-444C-8CB6-78670E0EE78D}"
EndProject
Global
	GlobalSection(SolutionConfigurationPlatforms) = preSolution
		Debug|Any CPU = Debug|Any CPU
		Release|Any CPU = Release|Any CPU
	EndGlobalSection
	GlobalSection(ProjectConfigurationPlatforms) = postSolution
		{40653E2F-6E7E-42B9-8287-E1CC328313DA}.Debug|Any CPU.ActiveCfg = Debug|Any CPU
		{40653E2F-6E7E-42B9-8287-E1CC328313DA}.Debug|Any CPU.Build.0 = Debug|Any CPU
		{40653E2F-6E7E-42B9-8287-E1CC328313DA}.Release|Any CPU.ActiveCfg = Release|Any CPU
		{40653E2F-6E7E-42B9-8287-E1CC328313DA}.Release|Any CPU.Build.0 = Release|Any CPU
		{7410F1E9-5A74-4B35-9878-5152DEEE268D}.Debug|Any CPU.ActiveCfg = Debug|Any CPU
		{7410F1E9-5A74-4B35-9878-5152DEEE268D}.Debug|Any CPU.Build.0 = Debug|Any CPU
		{7410F1E9-5A74-4B35-9878-5152DEEE268D}.Release|Any CPU.ActiveCfg = Release|Any CPU
		{7410F1E9-5A74-4B35-9878-5152DEEE268D}.Release|Any CPU.Build.0 = Release|Any CPU
		{D24611DE-1726-444C-8CB6-78670E0EE78D}.Debug|Any CPU.ActiveCfg = Debug|Any CPU
		{D24611DE-1726-444C-8CB6-78670E0EE78D}.Debug|Any CPU.Build.0 = Debug|Any CPU
		{D24611DE-1726-444C-8CB6-78670E0EE78D}.Release|Any CPU.ActiveCfg = Release|Any CPU
		{D24611DE-1726-444C-8CB6-78670E0EE78D}.Release|Any CPU.Build.0 = Release|Any CPU
	EndGlobalSection
	GlobalSection(SolutionProperties) = preSolution
		HideSolutionNode = FALSE
	EndGlobalSection
	GlobalSection(ExtensibilityGlobals) = postSolution
		SolutionGuid = {6008FEB7-EDF4-4E2F-AEE0-A7E4B94C05B1}
	EndGlobalSection
EndGlobal
